
Microsoft Visual Studio Solution File, Format Version 12.00
# Visual Studio 2012
Project("{FAE04EC0-301F-11D3-BF4B-00C04F79EFBC}") = "Quick.Core", "Quick.Core\Quick.Core.csproj", "{1602F34D-B0C1-4C5A-8F8E-93FD3632D819}"
EndProject
Project("{FAE04EC0-301F-11D3-BF4B-00C04F79EFBC}") = "Quick.Droid", "Quick.Droid\Quick.Droid.csproj", "{B4773D96-064C-4D41-90B4-B10A4B56454A}"
EndProject
Global
	GlobalSection(SolutionConfigurationPlatforms) = preSolution
		Debug|Any CPU = Debug|Any CPU
		Release|Any CPU = Release|Any CPU
	EndGlobalSection
	GlobalSection(ProjectConfigurationPlatforms) = postSolution
		{1602F34D-B0C1-4C5A-8F8E-93FD3632D819}.Debug|Any CPU.ActiveCfg = Debug|Any CPU
		{1602F34D-B0C1-4C5A-8F8E-93FD3632D819}.Debug|Any CPU.Build.0 = Debug|Any CPU
		{1602F34D-B0C1-4C5A-8F8E-93FD3632D819}.Release|Any CPU.ActiveCfg = Release|Any CPU
		{1602F34D-B0C1-4C5A-8F8E-93FD3632D819}.Release|Any CPU.Build.0 = Release|Any CPU
		{B4773D96-064C-4D41-90B4-B10A4B56454A}.Debug|Any CPU.ActiveCfg = Debug|Any CPU
		{B4773D96-064C-4D41-90B4-B10A4B56454A}.Debug|Any CPU.Build.0 = Debug|Any CPU
		{B4773D96-064C-4D41-90B4-B10A4B56454A}.Debug|Any CPU.Deploy.0 = Debug|Any CPU
		{B4773D96-064C-4D41-90B4-B10A4B56454A}.Release|Any CPU.ActiveCfg = Release|Any CPU
		{B4773D96-064C-4D41-90B4-B10A4B56454A}.Release|Any CPU.Build.0 = Release|Any CPU
		{B4773D96-064C-4D41-90B4-B10A4B56454A}.Release|Any CPU.Deploy.0 = Release|Any CPU
	EndGlobalSection
	GlobalSection(SolutionProperties) = preSolution
		HideSolutionNode = FALSE
	EndGlobalSection
EndGlobal
